// !$*UTF8*$!
{
	archiveVersion = 1;
	classes = {
	};
	objectVersion = 55;
	objects = {

/* Begin PBXBuildFile section */
		670E47D42897EF8800EBDCB8 /* Lv1. intSqrt.swift in Sources */ = {isa = PBXBuildFile; fileRef = 670E47D32897EF8800EBDCB8 /* Lv1. intSqrt.swift */; };
		670E47D62897F6BF00EBDCB8 /* Lv1. secretMap.swift in Sources */ = {isa = PBXBuildFile; fileRef = 670E47D52897F6BF00EBDCB8 /* Lv1. secretMap.swift */; };
		670E47D8289939FC00EBDCB8 /* Lv1. dartsGame.swift in Sources */ = {isa = PBXBuildFile; fileRef = 670E47D7289939FC00EBDCB8 /* Lv1. dartsGame.swift */; };
		671EC9C5286F380800F021E6 /* Lv1. pressKeypad.swift in Sources */ = {isa = PBXBuildFile; fileRef = 671EC9C4286F380800F021E6 /* Lv1. pressKeypad.swift */; };
		671EC9C7286F3B3C00F021E6 /* Lv1. primeNum.swift in Sources */ = {isa = PBXBuildFile; fileRef = 671EC9C6286F3B3C00F021E6 /* Lv1. primeNum.swift */; };
		671EC9C92870870100F021E6 /* Lv1. sum2nums.swift in Sources */ = {isa = PBXBuildFile; fileRef = 671EC9C82870870100F021E6 /* Lv1. sum2nums.swift */; };
		671EC9CB2871C0B400F021E6 /* Lv1. budget.swift in Sources */ = {isa = PBXBuildFile; fileRef = 671EC9CA2871C0B400F021E6 /* Lv1. budget.swift */; };
		671EC9CD28731FFF00F021E6 /* Lv1. middleChar.swift in Sources */ = {isa = PBXBuildFile; fileRef = 671EC9CC28731FFF00F021E6 /* Lv1. middleChar.swift */; };
		671EC9CF287325C700F021E6 /* Lv1. failureRate.swift in Sources */ = {isa = PBXBuildFile; fileRef = 671EC9CE287325C700F021E6 /* Lv1. failureRate.swift */; };
		671EC9D128747F8700F021E6 /* Lv1. 3baseRadix.swift in Sources */ = {isa = PBXBuildFile; fileRef = 671EC9D028747F8700F021E6 /* Lv1. 3baseRadix.swift */; };
		671EC9D3287591F900F021E6 /* Lv1. cnt&sumOfDivisor.swift in Sources */ = {isa = PBXBuildFile; fileRef = 671EC9D2287591F900F021E6 /* Lv1. cnt&sumOfDivisor.swift */; };
		671EC9D7287597F900F021E6 /* Lv1. MinRectangle.swift in Sources */ = {isa = PBXBuildFile; fileRef = 671EC9D6287597F900F021E6 /* Lv1. MinRectangle.swift */; };
		671EC9D92875A5C900F021E6 /* Lv1. insufficientCash.swift in Sources */ = {isa = PBXBuildFile; fileRef = 671EC9D82875A5C900F021E6 /* Lv1. insufficientCash.swift */; };
		6725BA5428A937950066694B /* Lv2. MenuRenewal.swift in Sources */ = {isa = PBXBuildFile; fileRef = 6725BA5328A937950066694B /* Lv2. MenuRenewal.swift */; };
		675383482876A2820048641C /* Lv1. divisibleNumArr.swift in Sources */ = {isa = PBXBuildFile; fileRef = 675383472876A2820048641C /* Lv1. divisibleNumArr.swift */; };
		6753834A2876A4FD0048641C /* Lv1. toSortString.swift in Sources */ = {isa = PBXBuildFile; fileRef = 675383492876A4FD0048641C /* Lv1. toSortString.swift */; };
		675383502878105C0048641C /* Lv1. sumBetween2ints.swift in Sources */ = {isa = PBXBuildFile; fileRef = 6753834F2878105C0048641C /* Lv1. sumBetween2ints.swift */; };
		6753835228796E450048641C /* Lv1. basicString.swift in Sources */ = {isa = PBXBuildFile; fileRef = 6753835128796E450048641C /* Lv1. basicString.swift */; };
		675383562879718E0048641C /* Lv1. flipNum.swift in Sources */ = {isa = PBXBuildFile; fileRef = 675383552879718E0048641C /* Lv1. flipNum.swift */; };
		67538358287AB92C0048641C /* Lv1. Mr.Kim.swift in Sources */ = {isa = PBXBuildFile; fileRef = 67538357287AB92C0048641C /* Lv1. Mr.Kim.swift */; };
		6753835A287ABDCF0048641C /* Lv1. average.swift in Sources */ = {isa = PBXBuildFile; fileRef = 67538359287ABDCF0048641C /* Lv1. average.swift */; };
		6753835C287C00100048641C /* Lv1. watermelon?.swift in Sources */ = {isa = PBXBuildFile; fileRef = 6753835B287C00100048641C /* Lv1. watermelon?.swift */; };
		6753835E287C03970048641C /* Lv1. sumOfDigits.swift in Sources */ = {isa = PBXBuildFile; fileRef = 6753835D287C03970048641C /* Lv1. sumOfDigits.swift */; };
		67538360287D466A0048641C /* Lv1. sumOfDivisors.swift in Sources */ = {isa = PBXBuildFile; fileRef = 6753835F287D466A0048641C /* Lv1. sumOfDivisors.swift */; };
		67538363287D4A570048641C /* Lv1. stringInDesc.swift in Sources */ = {isa = PBXBuildFile; fileRef = 67538362287D4A570048641C /* Lv1. stringInDesc.swift */; };
		67538365287E6AC30048641C /* Lv1. rectangleStar.swift in Sources */ = {isa = PBXBuildFile; fileRef = 67538364287E6AC30048641C /* Lv1. rectangleStar.swift */; };
		67538367287E6EB20048641C /* Lv1. removeMin.swift in Sources */ = {isa = PBXBuildFile; fileRef = 67538366287E6EB20048641C /* Lv1. removeMin.swift */; };
		67538369287E758B0048641C /* Lv1. remainder 1.swift in Sources */ = {isa = PBXBuildFile; fileRef = 67538368287E758B0048641C /* Lv1. remainder 1.swift */; };
		6753836B287FDD630048641C /* Lv1. Odd&Even.swift in Sources */ = {isa = PBXBuildFile; fileRef = 6753836A287FDD630048641C /* Lv1. Odd&Even.swift */; };
		6753836D287FDEEF0048641C /* Lv1. coverPhoneNum.swift in Sources */ = {isa = PBXBuildFile; fileRef = 6753836C287FDEEF0048641C /* Lv1. coverPhoneNum.swift */; };
		6753836F288151330048641C /* Lv1. IntInDesc.swift in Sources */ = {isa = PBXBuildFile; fileRef = 6753836E288151330048641C /* Lv1. IntInDesc.swift */; };
		67538371288155570048641C /* Lv1. harshadNum.swift in Sources */ = {isa = PBXBuildFile; fileRef = 67538370288155570048641C /* Lv1. harshadNum.swift */; };
		675383732882A1FC0048641C /* Lv1. findPrimeNum.swift in Sources */ = {isa = PBXBuildFile; fileRef = 675383722882A1FC0048641C /* Lv1. findPrimeNum.swift */; };
		675383762883FBD80048641C /* Lv1. 최대공약수와 최소공배수.swift in Sources */ = {isa = PBXBuildFile; fileRef = 675383752883FBD80048641C /* Lv1. 최대공약수와 최소공배수.swift */; };
		67538378288401690048641C /* Lv1. changeStringToInt.swift in Sources */ = {isa = PBXBuildFile; fileRef = 67538377288401690048641C /* Lv1. changeStringToInt.swift */; };
		6753837A2885313E0048641C /* Lv1. NspacedbyX.swift in Sources */ = {isa = PBXBuildFile; fileRef = 675383792885313E0048641C /* Lv1. NspacedbyX.swift */; };
		6753837C288534F80048641C /* Lv1. strangeChar.swift in Sources */ = {isa = PBXBuildFile; fileRef = 6753837B288534F80048641C /* Lv1. strangeChar.swift */; };
		6753837E2886D1790048641C /* Lv1. countP&Y.swift in Sources */ = {isa = PBXBuildFile; fileRef = 6753837D2886D1790048641C /* Lv1. countP&Y.swift */; };
		675383802888242B0048641C /* Lv1. sumOfMatrix.swift in Sources */ = {isa = PBXBuildFile; fileRef = 6753837F2888242B0048641C /* Lv1. sumOfMatrix.swift */; };
		6753838228882D060048641C /* Lv1. CaesarCipher.swift in Sources */ = {isa = PBXBuildFile; fileRef = 6753838128882D060048641C /* Lv1. CaesarCipher.swift */; };
		676A638C28DA06BD00B47349 /* 2357. 최솟값과 최댓값.swift in Sources */ = {isa = PBXBuildFile; fileRef = 676A638B28DA06BD00B47349 /* 2357. 최솟값과 최댓값.swift */; };
		6771E80829C34D210007D5A9 /* 10811. 바구니 뒤집기.swift in Sources */ = {isa = PBXBuildFile; fileRef = 6771E80729C34D210007D5A9 /* 10811. 바구니 뒤집기.swift */; };
		6771E80A29C4605F0007D5A9 /* 5597. 과제 안 내신 분..?.swift in Sources */ = {isa = PBXBuildFile; fileRef = 6771E80929C4605F0007D5A9 /* 5597. 과제 안 내신 분..?.swift */; };
		6771E80C29D190380007D5A9 /* Lv2. 점프와 순간이동.swift in Sources */ = {isa = PBXBuildFile; fileRef = 6771E80B29D190380007D5A9 /* Lv2. 점프와 순간이동.swift */; };
		677D97CE28608807005FC3A0 /* main.swift in Sources */ = {isa = PBXBuildFile; fileRef = 679E11B3285F8C5200A75755 /* main.swift */; };
		677D97D02861A13B005FC3A0 /* Lv1. lotto.swift in Sources */ = {isa = PBXBuildFile; fileRef = 677D97CF2861A13B005FC3A0 /* Lv1. lotto.swift */; };
		677D97D42861D126005FC3A0 /* Lv1. newID.swift in Sources */ = {isa = PBXBuildFile; fileRef = 677D97D32861D126005FC3A0 /* Lv1. newID.swift */; };
		677D97D628630E50005FC3A0 /* Lv1. craneGame.swift in Sources */ = {isa = PBXBuildFile; fileRef = 677D97D528630E50005FC3A0 /* Lv1. craneGame.swift */; };
		677D97D828634ACE005FC3A0 /* Lv1. KthNum.swift in Sources */ = {isa = PBXBuildFile; fileRef = 677D97D728634ACE005FC3A0 /* Lv1. KthNum.swift */; };
		677D97DA28644FE4005FC3A0 /* Lv1. mockTest.swift in Sources */ = {isa = PBXBuildFile; fileRef = 677D97D928644FE4005FC3A0 /* Lv1. mockTest.swift */; };
		677D97DC286463A6005FC3A0 /* Lv1. gymSuit.swift in Sources */ = {isa = PBXBuildFile; fileRef = 677D97DB286463A6005FC3A0 /* Lv1. gymSuit.swift */; };
		678209422A0A3DC7000D6F81 /* 24263. 알고리즘의 수행 시간 2.swift in Sources */ = {isa = PBXBuildFile; fileRef = 678209412A0A3DC7000D6F81 /* 24263. 알고리즘의 수행 시간 2.swift */; };
		678209442A0A3E63000D6F81 /* 24264. 알고리즘의 수행 시간 3.swift in Sources */ = {isa = PBXBuildFile; fileRef = 678209432A0A3E63000D6F81 /* 24264. 알고리즘의 수행 시간 3.swift */; };
		678209462A0A3EFA000D6F81 /* 24265. 알고리즘의 수행 시간 4.swift in Sources */ = {isa = PBXBuildFile; fileRef = 678209452A0A3EFA000D6F81 /* 24265. 알고리즘의 수행 시간 4.swift */; };
		678209482A0A4077000D6F81 /* 24266. 알고리즘의 수행 시간 5.swift in Sources */ = {isa = PBXBuildFile; fileRef = 678209472A0A4077000D6F81 /* 24266. 알고리즘의 수행 시간 5.swift */; };
		6782094A2A0A40D7000D6F81 /* 24267. 알고리즘의 수행 시간 6.swift in Sources */ = {isa = PBXBuildFile; fileRef = 678209492A0A40D7000D6F81 /* 24267. 알고리즘의 수행 시간 6.swift */; };
		6782094C2A0A4467000D6F81 /* 24313. 알고리즘 수업 - 점근적 표기 1.swift in Sources */ = {isa = PBXBuildFile; fileRef = 6782094B2A0A4467000D6F81 /* 24313. 알고리즘 수업 - 점근적 표기 1.swift */; };
		6789BC372A06963000DD27ED /* 11005. 진법 변환 2.swift in Sources */ = {isa = PBXBuildFile; fileRef = 6789BC362A06963000DD27ED /* 11005. 진법 변환 2.swift */; };
		6789BC392A06984F00DD27ED /* 10757. 큰 수 A+B.swift in Sources */ = {isa = PBXBuildFile; fileRef = 6789BC382A06984F00DD27ED /* 10757. 큰 수 A+B.swift */; };
		6789BC3B2A06A33100DD27ED /* 2720. 세탁소 사장 동혁.swift in Sources */ = {isa = PBXBuildFile; fileRef = 6789BC3A2A06A33100DD27ED /* 2720. 세탁소 사장 동혁.swift */; };
		678DFD662865A6AE0098E308 /* Lv1. sumOfInts.swift in Sources */ = {isa = PBXBuildFile; fileRef = 678DFD652865A6AE0098E308 /* Lv1. sumOfInts.swift */; };
		678DFD682865AAB20098E308 /* Lv1. receiveReport.swift in Sources */ = {isa = PBXBuildFile; fileRef = 678DFD672865AAB20098E308 /* Lv1. receiveReport.swift */; };
		678DFD6A286610700098E308 /* Lv1. addNonExistNum.swift in Sources */ = {isa = PBXBuildFile; fileRef = 678DFD69286610700098E308 /* Lv1. addNonExistNum.swift */; };
		678DFD6C2866F8D20098E308 /* Lv2. CompressionOfStrings.swift in Sources */ = {isa = PBXBuildFile; fileRef = 678DFD6B2866F8D20098E308 /* Lv2. CompressionOfStrings.swift */; };
		678DFD6E2868A04A0098E308 /* Lv1. 2016.swift in Sources */ = {isa = PBXBuildFile; fileRef = 678DFD6D2868A04A0098E308 /* Lv1. 2016.swift */; };
		678DFD702868BEC90098E308 /* Lv1. NumString&English.swift in Sources */ = {isa = PBXBuildFile; fileRef = 678DFD6F2868BEC90098E308 /* Lv1. NumString&English.swift */; };
		678DFD722868D1600098E308 /* Lv1. InnerProduct.swift in Sources */ = {isa = PBXBuildFile; fileRef = 678DFD712868D1600098E308 /* Lv1. InnerProduct.swift */; };
		67A430DB2A01140E004C085B /* 27866. 문자와 문자열.swift in Sources */ = {isa = PBXBuildFile; fileRef = 67A430DA2A01140E004C085B /* 27866. 문자와 문자열.swift */; };
		67A430DD2A0114F5004C085B /* 2743. 단어 길이 재기.swift in Sources */ = {isa = PBXBuildFile; fileRef = 67A430DC2A0114F5004C085B /* 2743. 단어 길이 재기.swift */; };
		67A430DF2A01155C004C085B /* 9086. 문자열.swift in Sources */ = {isa = PBXBuildFile; fileRef = 67A430DE2A01155C004C085B /* 9086. 문자열.swift */; };
		67A430E12A0118AE004C085B /* 11654. 아스키 코드.swift in Sources */ = {isa = PBXBuildFile; fileRef = 67A430E02A0118AE004C085B /* 11654. 아스키 코드.swift */; };
		67A430E32A0119A4004C085B /* 11720. 숫자의 합.swift in Sources */ = {isa = PBXBuildFile; fileRef = 67A430E22A0119A4004C085B /* 11720. 숫자의 합.swift */; };
		67A430E52A011BB4004C085B /* 10809. 알파벳 찾기.swift in Sources */ = {isa = PBXBuildFile; fileRef = 67A430E42A011BB4004C085B /* 10809. 알파벳 찾기.swift */; };
		67A430E72A011FB8004C085B /* 2675. 문자열 반복.swift in Sources */ = {isa = PBXBuildFile; fileRef = 67A430E62A011FB8004C085B /* 2675. 문자열 반복.swift */; };
		67A4F27A2A02637B00409DEB /* 1152. 단어의 개수.swift in Sources */ = {isa = PBXBuildFile; fileRef = 67A4F2792A02637B00409DEB /* 1152. 단어의 개수.swift */; };
		67A4F27C2A02644700409DEB /* 2908. 상수.swift in Sources */ = {isa = PBXBuildFile; fileRef = 67A4F27B2A02644700409DEB /* 2908. 상수.swift */; };
		67A4F27E2A0265A000409DEB /* 5622. 다이얼.swift in Sources */ = {isa = PBXBuildFile; fileRef = 67A4F27D2A0265A000409DEB /* 5622. 다이얼.swift */; };
		67A4F2802A026A3A00409DEB /* 11718. 그대로 출력하기.swift in Sources */ = {isa = PBXBuildFile; fileRef = 67A4F27F2A026A3A00409DEB /* 11718. 그대로 출력하기.swift */; };
		67AC542A2A05032A0042F0FD /* 2563. 색종이.swift in Sources */ = {isa = PBXBuildFile; fileRef = 67AC54292A05032A0042F0FD /* 2563. 색종이.swift */; };
		67AC542C2A0516CD0042F0FD /* 2745. 진법 변환.swift in Sources */ = {isa = PBXBuildFile; fileRef = 67AC542B2A0516CD0042F0FD /* 2745. 진법 변환.swift */; };
		67AD441F2A08EDCF006DB3E9 /* 5086. 배수와 약수.swift in Sources */ = {isa = PBXBuildFile; fileRef = 67AD441E2A08EDCF006DB3E9 /* 5086. 배수와 약수.swift */; };
		67AD44212A08FB94006DB3E9 /* 2501. 약수 구하기.swift in Sources */ = {isa = PBXBuildFile; fileRef = 67AD44202A08FB94006DB3E9 /* 2501. 약수 구하기.swift */; };
		67AD44232A08FCF2006DB3E9 /* 9506. 약수들의 합.swift in Sources */ = {isa = PBXBuildFile; fileRef = 67AD44222A08FCF2006DB3E9 /* 9506. 약수들의 합.swift */; };
		67AD44252A08FFEE006DB3E9 /* 1978. 소수 찾기.swift in Sources */ = {isa = PBXBuildFile; fileRef = 67AD44242A08FFEE006DB3E9 /* 1978. 소수 찾기.swift */; };
		67AD44272A090124006DB3E9 /* 2581. 소수.swift in Sources */ = {isa = PBXBuildFile; fileRef = 67AD44262A090124006DB3E9 /* 2581. 소수.swift */; };
		67AD44292A090347006DB3E9 /* 11653. 소인수분해.swift in Sources */ = {isa = PBXBuildFile; fileRef = 67AD44282A090347006DB3E9 /* 11653. 소인수분해.swift */; };
		67AD442B2A09394C006DB3E9 /* 27323. 직사각형.swift in Sources */ = {isa = PBXBuildFile; fileRef = 67AD442A2A09394C006DB3E9 /* 27323. 직사각형.swift */; };
		67AD442D2A0939BC006DB3E9 /* 1085. 직사각형에서 탈출.swift in Sources */ = {isa = PBXBuildFile; fileRef = 67AD442C2A0939BC006DB3E9 /* 1085. 직사각형에서 탈출.swift */; };
		67AD442F2A093D1E006DB3E9 /* 3009. 네 번째 점.swift in Sources */ = {isa = PBXBuildFile; fileRef = 67AD442E2A093D1E006DB3E9 /* 3009. 네 번째 점.swift */; };
		67AD44312A093F74006DB3E9 /* 15894. 수학은 체육과목 입니다.swift in Sources */ = {isa = PBXBuildFile; fileRef = 67AD44302A093F74006DB3E9 /* 15894. 수학은 체육과목 입니다.swift */; };
		67AD44332A0940C5006DB3E9 /* 9063. 대지.swift in Sources */ = {isa = PBXBuildFile; fileRef = 67AD44322A0940C5006DB3E9 /* 9063. 대지.swift */; };
		67AD44352A094392006DB3E9 /* 10101. 삼각형 외우기.swift in Sources */ = {isa = PBXBuildFile; fileRef = 67AD44342A094392006DB3E9 /* 10101. 삼각형 외우기.swift */; };
		67AD44372A09463C006DB3E9 /* 5073. 삼각형과 세 변.swift in Sources */ = {isa = PBXBuildFile; fileRef = 67AD44362A09463C006DB3E9 /* 5073. 삼각형과 세 변.swift */; };
		67AD44392A094B1F006DB3E9 /* 14215. 세 막대.swift in Sources */ = {isa = PBXBuildFile; fileRef = 67AD44382A094B1F006DB3E9 /* 14215. 세 막대.swift */; };
		67AD443B2A094DA1006DB3E9 /* 24262. 알고리즘의 수행 시간 1.swift in Sources */ = {isa = PBXBuildFile; fileRef = 67AD443A2A094DA1006DB3E9 /* 24262. 알고리즘의 수행 시간 1.swift */; };
		67B2F61329C1C6B400DA643D /* 10813. 공 바꾸기.swift in Sources */ = {isa = PBXBuildFile; fileRef = 67B2F61229C1C6B400DA643D /* 10813. 공 바꾸기.swift */; };
		67C244C129BF0D8F00E4B810 /* 10807. 개수 세기.swift in Sources */ = {isa = PBXBuildFile; fileRef = 67C244C029BF0D8F00E4B810 /* 10807. 개수 세기.swift */; };
		67C244C329BF103000E4B810 /* 10810. 공 넣기.swift in Sources */ = {isa = PBXBuildFile; fileRef = 67C244C229BF103000E4B810 /* 10810. 공 넣기.swift */; };
		67C58D97289407850002765B /* Lv1. CollatzConjecture.swift in Sources */ = {isa = PBXBuildFile; fileRef = 67C58D96289407850002765B /* Lv1. CollatzConjecture.swift */; };
		67C8EA262A02A239009EF5D3 /* 25083. 새싹.swift in Sources */ = {isa = PBXBuildFile; fileRef = 67C8EA252A02A239009EF5D3 /* 25083. 새싹.swift */; };
		67C8EA282A02A3E8009EF5D3 /* 3003. 킹, 퀸, 룩, 비숍, 나이트, 폰.swift in Sources */ = {isa = PBXBuildFile; fileRef = 67C8EA272A02A3E8009EF5D3 /* 3003. 킹, 퀸, 룩, 비숍, 나이트, 폰.swift */; };
		67C8EA2A2A02A656009EF5D3 /* 2444. 별 찍기 - 7.swift in Sources */ = {isa = PBXBuildFile; fileRef = 67C8EA292A02A656009EF5D3 /* 2444. 별 찍기 - 7.swift */; };
		67C8EA2C2A02ACAD009EF5D3 /* 10812. 바구니 순서 바꾸기.swift in Sources */ = {isa = PBXBuildFile; fileRef = 67C8EA2B2A02ACAD009EF5D3 /* 10812. 바구니 순서 바꾸기.swift */; };
		67C97F4528ACE58F00F7FC7B /* Lv2. CorrectParentheses.swift in Sources */ = {isa = PBXBuildFile; fileRef = 67C97F4428ACE58F00F7FC7B /* Lv2. CorrectParentheses.swift */; };
		67C97F4728ACEB6700F7FC7B /* Lv2. H-Index.swift in Sources */ = {isa = PBXBuildFile; fileRef = 67C97F4628ACEB6700F7FC7B /* Lv2. H-Index.swift */; };
		67C97F4928ACF0A000F7FC7B /* Lv2. FindPrime.swift in Sources */ = {isa = PBXBuildFile; fileRef = 67C97F4828ACF0A000F7FC7B /* Lv2. FindPrime.swift */; };
		67CC4E28289ED0CE00870F7B /* Lv2. OpenChatRoom.swift in Sources */ = {isa = PBXBuildFile; fileRef = 67CC4E27289ED0CE00870F7B /* Lv2. OpenChatRoom.swift */; };
		67CC4E2A289FF27E00870F7B /* Lv2. TargetNum.swift in Sources */ = {isa = PBXBuildFile; fileRef = 67CC4E29289FF27E00870F7B /* Lv2. TargetNum.swift */; };
		67CC4E2C28A16E0A00870F7B /* Lv2. Pair&Remove.swift in Sources */ = {isa = PBXBuildFile; fileRef = 67CC4E2B28A16E0A00870F7B /* Lv2. Pair&Remove.swift */; };
		67CE65B329BB5DFB004B5D78 /* 25314. 코딩은 체육과목 입니다.swift in Sources */ = {isa = PBXBuildFile; fileRef = 67CE65B229BB5DFB004B5D78 /* 25314. 코딩은 체육과목 입니다.swift */; };
		67D6903A289AAC890072562D /* Lv2. theLargestNum.swift in Sources */ = {isa = PBXBuildFile; fileRef = 67D69039289AAC890072562D /* Lv2. theLargestNum.swift */; };
		67D6903C289C01800072562D /* Lv2. Printer.swift in Sources */ = {isa = PBXBuildFile; fileRef = 67D6903B289C01800072562D /* Lv2. Printer.swift */; };
		67D6903E289D641A0072562D /* Lv2. FuncDevelopment.swift in Sources */ = {isa = PBXBuildFile; fileRef = 67D6903D289D641A0072562D /* Lv2. FuncDevelopment.swift */; };
		67E6F92029B9F93A009DF31A /* 11382. 꼬마 정민.swift in Sources */ = {isa = PBXBuildFile; fileRef = 67E6F91F29B9F93A009DF31A /* 11382. 꼬마 정민.swift */; };
		67E6F92229B9FD81009DF31A /* 25304. 영수증.swift in Sources */ = {isa = PBXBuildFile; fileRef = 67E6F92129B9FD81009DF31A /* 25304. 영수증.swift */; };
		67F9748B2A07AB140001DEEB /* 2903. 중앙 이동 알고리즘.swift in Sources */ = {isa = PBXBuildFile; fileRef = 67F9748A2A07AB140001DEEB /* 2903. 중앙 이동 알고리즘.swift */; };
		67F9748D2A07B2B10001DEEB /* 2292. 벌집.swift in Sources */ = {isa = PBXBuildFile; fileRef = 67F9748C2A07B2B10001DEEB /* 2292. 벌집.swift */; };
		67F9748F2A07B4700001DEEB /* 1193. 분수찾기.swift in Sources */ = {isa = PBXBuildFile; fileRef = 67F9748E2A07B4700001DEEB /* 1193. 분수찾기.swift */; };
		67F974912A07CEE70001DEEB /* 2869. 달팽이는 올라가고 싶다.swift in Sources */ = {isa = PBXBuildFile; fileRef = 67F974902A07CEE70001DEEB /* 2869. 달팽이는 올라가고 싶다.swift */; };
		67F9E9EF2A03B39700A3A8D3 /* 10988. 팰린드롬인지 확인하기.swift in Sources */ = {isa = PBXBuildFile; fileRef = 67F9E9EE2A03B39700A3A8D3 /* 10988. 팰린드롬인지 확인하기.swift */; };
		67F9E9F12A03B46D00A3A8D3 /* 1157. 단어 공부.swift in Sources */ = {isa = PBXBuildFile; fileRef = 67F9E9F02A03B46D00A3A8D3 /* 1157. 단어 공부.swift */; };
		67F9E9F32A03BB2500A3A8D3 /* 2941. 크로아티아 알파벳.swift in Sources */ = {isa = PBXBuildFile; fileRef = 67F9E9F22A03BB2500A3A8D3 /* 2941. 크로아티아 알파벳.swift */; };
		67F9E9F52A03BF7E00A3A8D3 /* 1316. 그룹 단어 체커.swift in Sources */ = {isa = PBXBuildFile; fileRef = 67F9E9F42A03BF7E00A3A8D3 /* 1316. 그룹 단어 체커.swift */; };
		67F9E9F72A03EE5B00A3A8D3 /* 25206. 너의 평점은.swift in Sources */ = {isa = PBXBuildFile; fileRef = 67F9E9F62A03EE5B00A3A8D3 /* 25206. 너의 평점은.swift */; };
		67F9E9F92A03F76300A3A8D3 /* 2738. 행렬 덧셈.swift in Sources */ = {isa = PBXBuildFile; fileRef = 67F9E9F82A03F76300A3A8D3 /* 2738. 행렬 덧셈.swift */; };
		67F9E9FB2A03FD8500A3A8D3 /* 2566. 최댓값.swift in Sources */ = {isa = PBXBuildFile; fileRef = 67F9E9FA2A03FD8500A3A8D3 /* 2566. 최댓값.swift */; };
		67F9E9FD2A0402B500A3A8D3 /* 10798. 세로읽기.swift in Sources */ = {isa = PBXBuildFile; fileRef = 67F9E9FC2A0402B500A3A8D3 /* 10798. 세로읽기.swift */; };
/* End PBXBuildFile section */

/* Begin PBXCopyFilesBuildPhase section */
		679E11AE285F8C5200A75755 /* CopyFiles */ = {
			isa = PBXCopyFilesBuildPhase;
			buildActionMask = 2147483647;
			dstPath = /usr/share/man/man1/;
			dstSubfolderSpec = 0;
			files = (
			);
			runOnlyForDeploymentPostprocessing = 1;
		};
/* End PBXCopyFilesBuildPhase section */

/* Begin PBXFileReference section */
		670E47D32897EF8800EBDCB8 /* Lv1. intSqrt.swift */ = {isa = PBXFileReference; lastKnownFileType = sourcecode.swift; path = "Lv1. intSqrt.swift"; sourceTree = "<group>"; };
		670E47D52897F6BF00EBDCB8 /* Lv1. secretMap.swift */ = {isa = PBXFileReference; lastKnownFileType = sourcecode.swift; path = "Lv1. secretMap.swift"; sourceTree = "<group>"; };
		670E47D7289939FC00EBDCB8 /* Lv1. dartsGame.swift */ = {isa = PBXFileReference; lastKnownFileType = sourcecode.swift; path = "Lv1. dartsGame.swift"; sourceTree = "<group>"; };
		671EC9C4286F380800F021E6 /* Lv1. pressKeypad.swift */ = {isa = PBXFileReference; lastKnownFileType = sourcecode.swift; path = "Lv1. pressKeypad.swift"; sourceTree = "<group>"; };
		671EC9C6286F3B3C00F021E6 /* Lv1. primeNum.swift */ = {isa = PBXFileReference; lastKnownFileType = sourcecode.swift; path = "Lv1. primeNum.swift"; sourceTree = "<group>"; };
		671EC9C82870870100F021E6 /* Lv1. sum2nums.swift */ = {isa = PBXFileReference; lastKnownFileType = sourcecode.swift; path = "Lv1. sum2nums.swift"; sourceTree = "<group>"; };
		671EC9CA2871C0B400F021E6 /* Lv1. budget.swift */ = {isa = PBXFileReference; lastKnownFileType = sourcecode.swift; path = "Lv1. budget.swift"; sourceTree = "<group>"; };
		671EC9CC28731FFF00F021E6 /* Lv1. middleChar.swift */ = {isa = PBXFileReference; lastKnownFileType = sourcecode.swift; path = "Lv1. middleChar.swift"; sourceTree = "<group>"; };
		671EC9CE287325C700F021E6 /* Lv1. failureRate.swift */ = {isa = PBXFileReference; lastKnownFileType = sourcecode.swift; path = "Lv1. failureRate.swift"; sourceTree = "<group>"; };
		671EC9D028747F8700F021E6 /* Lv1. 3baseRadix.swift */ = {isa = PBXFileReference; lastKnownFileType = sourcecode.swift; path = "Lv1. 3baseRadix.swift"; sourceTree = "<group>"; };
		671EC9D2287591F900F021E6 /* Lv1. cnt&sumOfDivisor.swift */ = {isa = PBXFileReference; lastKnownFileType = sourcecode.swift; path = "Lv1. cnt&sumOfDivisor.swift"; sourceTree = "<group>"; };
		671EC9D6287597F900F021E6 /* Lv1. MinRectangle.swift */ = {isa = PBXFileReference; lastKnownFileType = sourcecode.swift; path = "Lv1. MinRectangle.swift"; sourceTree = "<group>"; };
		671EC9D82875A5C900F021E6 /* Lv1. insufficientCash.swift */ = {isa = PBXFileReference; lastKnownFileType = sourcecode.swift; path = "Lv1. insufficientCash.swift"; sourceTree = "<group>"; };
		6725BA5328A937950066694B /* Lv2. MenuRenewal.swift */ = {isa = PBXFileReference; lastKnownFileType = sourcecode.swift; path = "Lv2. MenuRenewal.swift"; sourceTree = "<group>"; };
		675383472876A2820048641C /* Lv1. divisibleNumArr.swift */ = {isa = PBXFileReference; lastKnownFileType = sourcecode.swift; path = "Lv1. divisibleNumArr.swift"; sourceTree = "<group>"; };
		675383492876A4FD0048641C /* Lv1. toSortString.swift */ = {isa = PBXFileReference; lastKnownFileType = sourcecode.swift; path = "Lv1. toSortString.swift"; sourceTree = "<group>"; };
		6753834F2878105C0048641C /* Lv1. sumBetween2ints.swift */ = {isa = PBXFileReference; lastKnownFileType = sourcecode.swift; path = "Lv1. sumBetween2ints.swift"; sourceTree = "<group>"; };
		6753835128796E450048641C /* Lv1. basicString.swift */ = {isa = PBXFileReference; lastKnownFileType = sourcecode.swift; path = "Lv1. basicString.swift"; sourceTree = "<group>"; };
		675383552879718E0048641C /* Lv1. flipNum.swift */ = {isa = PBXFileReference; lastKnownFileType = sourcecode.swift; path = "Lv1. flipNum.swift"; sourceTree = "<group>"; };
		67538357287AB92C0048641C /* Lv1. Mr.Kim.swift */ = {isa = PBXFileReference; lastKnownFileType = sourcecode.swift; path = "Lv1. Mr.Kim.swift"; sourceTree = "<group>"; };
		67538359287ABDCF0048641C /* Lv1. average.swift */ = {isa = PBXFileReference; lastKnownFileType = sourcecode.swift; path = "Lv1. average.swift"; sourceTree = "<group>"; };
		6753835B287C00100048641C /* Lv1. watermelon?.swift */ = {isa = PBXFileReference; lastKnownFileType = sourcecode.swift; path = "Lv1. watermelon?.swift"; sourceTree = "<group>"; };
		6753835D287C03970048641C /* Lv1. sumOfDigits.swift */ = {isa = PBXFileReference; lastKnownFileType = sourcecode.swift; path = "Lv1. sumOfDigits.swift"; sourceTree = "<group>"; };
		6753835F287D466A0048641C /* Lv1. sumOfDivisors.swift */ = {isa = PBXFileReference; lastKnownFileType = sourcecode.swift; path = "Lv1. sumOfDivisors.swift"; sourceTree = "<group>"; };
		67538362287D4A570048641C /* Lv1. stringInDesc.swift */ = {isa = PBXFileReference; lastKnownFileType = sourcecode.swift; path = "Lv1. stringInDesc.swift"; sourceTree = "<group>"; };
		67538364287E6AC30048641C /* Lv1. rectangleStar.swift */ = {isa = PBXFileReference; lastKnownFileType = sourcecode.swift; path = "Lv1. rectangleStar.swift"; sourceTree = "<group>"; };
		67538366287E6EB20048641C /* Lv1. removeMin.swift */ = {isa = PBXFileReference; lastKnownFileType = sourcecode.swift; path = "Lv1. removeMin.swift"; sourceTree = "<group>"; };
		67538368287E758B0048641C /* Lv1. remainder 1.swift */ = {isa = PBXFileReference; lastKnownFileType = sourcecode.swift; path = "Lv1. remainder 1.swift"; sourceTree = "<group>"; };
		6753836A287FDD630048641C /* Lv1. Odd&Even.swift */ = {isa = PBXFileReference; lastKnownFileType = sourcecode.swift; path = "Lv1. Odd&Even.swift"; sourceTree = "<group>"; };
		6753836C287FDEEF0048641C /* Lv1. coverPhoneNum.swift */ = {isa = PBXFileReference; lastKnownFileType = sourcecode.swift; path = "Lv1. coverPhoneNum.swift"; sourceTree = "<group>"; };
		6753836E288151330048641C /* Lv1. IntInDesc.swift */ = {isa = PBXFileReference; lastKnownFileType = sourcecode.swift; path = "Lv1. IntInDesc.swift"; sourceTree = "<group>"; };
		67538370288155570048641C /* Lv1. harshadNum.swift */ = {isa = PBXFileReference; lastKnownFileType = sourcecode.swift; path = "Lv1. harshadNum.swift"; sourceTree = "<group>"; };
		675383722882A1FC0048641C /* Lv1. findPrimeNum.swift */ = {isa = PBXFileReference; lastKnownFileType = sourcecode.swift; path = "Lv1. findPrimeNum.swift"; sourceTree = "<group>"; };
		675383752883FBD80048641C /* Lv1. 최대공약수와 최소공배수.swift */ = {isa = PBXFileReference; lastKnownFileType = sourcecode.swift; path = "Lv1. 최대공약수와 최소공배수.swift"; sourceTree = "<group>"; };
		67538377288401690048641C /* Lv1. changeStringToInt.swift */ = {isa = PBXFileReference; lastKnownFileType = sourcecode.swift; path = "Lv1. changeStringToInt.swift"; sourceTree = "<group>"; };
		675383792885313E0048641C /* Lv1. NspacedbyX.swift */ = {isa = PBXFileReference; lastKnownFileType = sourcecode.swift; path = "Lv1. NspacedbyX.swift"; sourceTree = "<group>"; };
		6753837B288534F80048641C /* Lv1. strangeChar.swift */ = {isa = PBXFileReference; lastKnownFileType = sourcecode.swift; path = "Lv1. strangeChar.swift"; sourceTree = "<group>"; };
		6753837D2886D1790048641C /* Lv1. countP&Y.swift */ = {isa = PBXFileReference; lastKnownFileType = sourcecode.swift; path = "Lv1. countP&Y.swift"; sourceTree = "<group>"; };
		6753837F2888242B0048641C /* Lv1. sumOfMatrix.swift */ = {isa = PBXFileReference; lastKnownFileType = sourcecode.swift; path = "Lv1. sumOfMatrix.swift"; sourceTree = "<group>"; };
		6753838128882D060048641C /* Lv1. CaesarCipher.swift */ = {isa = PBXFileReference; lastKnownFileType = sourcecode.swift; path = "Lv1. CaesarCipher.swift"; sourceTree = "<group>"; };
		676A638B28DA06BD00B47349 /* 2357. 최솟값과 최댓값.swift */ = {isa = PBXFileReference; lastKnownFileType = sourcecode.swift; path = "2357. 최솟값과 최댓값.swift"; sourceTree = "<group>"; };
		6771E80729C34D210007D5A9 /* 10811. 바구니 뒤집기.swift */ = {isa = PBXFileReference; lastKnownFileType = sourcecode.swift; path = "10811. 바구니 뒤집기.swift"; sourceTree = "<group>"; };
		6771E80929C4605F0007D5A9 /* 5597. 과제 안 내신 분..?.swift */ = {isa = PBXFileReference; lastKnownFileType = sourcecode.swift; path = "5597. 과제 안 내신 분..?.swift"; sourceTree = "<group>"; };
		6771E80B29D190380007D5A9 /* Lv2. 점프와 순간이동.swift */ = {isa = PBXFileReference; lastKnownFileType = sourcecode.swift; path = "Lv2. 점프와 순간이동.swift"; sourceTree = "<group>"; };
		677D97CF2861A13B005FC3A0 /* Lv1. lotto.swift */ = {isa = PBXFileReference; lastKnownFileType = sourcecode.swift; path = "Lv1. lotto.swift"; sourceTree = "<group>"; };
		677D97D32861D126005FC3A0 /* Lv1. newID.swift */ = {isa = PBXFileReference; lastKnownFileType = sourcecode.swift; path = "Lv1. newID.swift"; sourceTree = "<group>"; };
		677D97D528630E50005FC3A0 /* Lv1. craneGame.swift */ = {isa = PBXFileReference; lastKnownFileType = sourcecode.swift; path = "Lv1. craneGame.swift"; sourceTree = "<group>"; };
		677D97D728634ACE005FC3A0 /* Lv1. KthNum.swift */ = {isa = PBXFileReference; lastKnownFileType = sourcecode.swift; path = "Lv1. KthNum.swift"; sourceTree = "<group>"; };
		677D97D928644FE4005FC3A0 /* Lv1. mockTest.swift */ = {isa = PBXFileReference; lastKnownFileType = sourcecode.swift; path = "Lv1. mockTest.swift"; sourceTree = "<group>"; };
		677D97DB286463A6005FC3A0 /* Lv1. gymSuit.swift */ = {isa = PBXFileReference; lastKnownFileType = sourcecode.swift; path = "Lv1. gymSuit.swift"; sourceTree = "<group>"; };
		678209412A0A3DC7000D6F81 /* 24263. 알고리즘의 수행 시간 2.swift */ = {isa = PBXFileReference; lastKnownFileType = sourcecode.swift; path = "24263. 알고리즘의 수행 시간 2.swift"; sourceTree = "<group>"; };
		678209432A0A3E63000D6F81 /* 24264. 알고리즘의 수행 시간 3.swift */ = {isa = PBXFileReference; lastKnownFileType = sourcecode.swift; path = "24264. 알고리즘의 수행 시간 3.swift"; sourceTree = "<group>"; };
		678209452A0A3EFA000D6F81 /* 24265. 알고리즘의 수행 시간 4.swift */ = {isa = PBXFileReference; lastKnownFileType = sourcecode.swift; path = "24265. 알고리즘의 수행 시간 4.swift"; sourceTree = "<group>"; };
		678209472A0A4077000D6F81 /* 24266. 알고리즘의 수행 시간 5.swift */ = {isa = PBXFileReference; lastKnownFileType = sourcecode.swift; path = "24266. 알고리즘의 수행 시간 5.swift"; sourceTree = "<group>"; };
		678209492A0A40D7000D6F81 /* 24267. 알고리즘의 수행 시간 6.swift */ = {isa = PBXFileReference; lastKnownFileType = sourcecode.swift; path = "24267. 알고리즘의 수행 시간 6.swift"; sourceTree = "<group>"; };
		6782094B2A0A4467000D6F81 /* 24313. 알고리즘 수업 - 점근적 표기 1.swift */ = {isa = PBXFileReference; lastKnownFileType = sourcecode.swift; path = "24313. 알고리즘 수업 - 점근적 표기 1.swift"; sourceTree = "<group>"; };
		6789BC362A06963000DD27ED /* 11005. 진법 변환 2.swift */ = {isa = PBXFileReference; lastKnownFileType = sourcecode.swift; path = "11005. 진법 변환 2.swift"; sourceTree = "<group>"; };
		6789BC382A06984F00DD27ED /* 10757. 큰 수 A+B.swift */ = {isa = PBXFileReference; lastKnownFileType = sourcecode.swift; path = "10757. 큰 수 A+B.swift"; sourceTree = "<group>"; };
		6789BC3A2A06A33100DD27ED /* 2720. 세탁소 사장 동혁.swift */ = {isa = PBXFileReference; lastKnownFileType = sourcecode.swift; path = "2720. 세탁소 사장 동혁.swift"; sourceTree = "<group>"; };
		678DFD652865A6AE0098E308 /* Lv1. sumOfInts.swift */ = {isa = PBXFileReference; lastKnownFileType = sourcecode.swift; path = "Lv1. sumOfInts.swift"; sourceTree = "<group>"; };
		678DFD672865AAB20098E308 /* Lv1. receiveReport.swift */ = {isa = PBXFileReference; lastKnownFileType = sourcecode.swift; path = "Lv1. receiveReport.swift"; sourceTree = "<group>"; };
		678DFD69286610700098E308 /* Lv1. addNonExistNum.swift */ = {isa = PBXFileReference; lastKnownFileType = sourcecode.swift; path = "Lv1. addNonExistNum.swift"; sourceTree = "<group>"; };
		678DFD6B2866F8D20098E308 /* Lv2. CompressionOfStrings.swift */ = {isa = PBXFileReference; lastKnownFileType = sourcecode.swift; path = "Lv2. CompressionOfStrings.swift"; sourceTree = "<group>"; };
		678DFD6D2868A04A0098E308 /* Lv1. 2016.swift */ = {isa = PBXFileReference; lastKnownFileType = sourcecode.swift; path = "Lv1. 2016.swift"; sourceTree = "<group>"; };
		678DFD6F2868BEC90098E308 /* Lv1. NumString&English.swift */ = {isa = PBXFileReference; lastKnownFileType = sourcecode.swift; path = "Lv1. NumString&English.swift"; sourceTree = "<group>"; };
		678DFD712868D1600098E308 /* Lv1. InnerProduct.swift */ = {isa = PBXFileReference; lastKnownFileType = sourcecode.swift; path = "Lv1. InnerProduct.swift"; sourceTree = "<group>"; };
		679E11B0285F8C5200A75755 /* Algorithm Test */ = {isa = PBXFileReference; explicitFileType = "compiled.mach-o.executable"; includeInIndex = 0; path = "Algorithm Test"; sourceTree = BUILT_PRODUCTS_DIR; };
		679E11B3285F8C5200A75755 /* main.swift */ = {isa = PBXFileReference; lastKnownFileType = sourcecode.swift; path = main.swift; sourceTree = "<group>"; };
		67A430DA2A01140E004C085B /* 27866. 문자와 문자열.swift */ = {isa = PBXFileReference; lastKnownFileType = sourcecode.swift; path = "27866. 문자와 문자열.swift"; sourceTree = "<group>"; };
		67A430DC2A0114F5004C085B /* 2743. 단어 길이 재기.swift */ = {isa = PBXFileReference; lastKnownFileType = sourcecode.swift; path = "2743. 단어 길이 재기.swift"; sourceTree = "<group>"; };
		67A430DE2A01155C004C085B /* 9086. 문자열.swift */ = {isa = PBXFileReference; lastKnownFileType = sourcecode.swift; path = "9086. 문자열.swift"; sourceTree = "<group>"; };
		67A430E02A0118AE004C085B /* 11654. 아스키 코드.swift */ = {isa = PBXFileReference; lastKnownFileType = sourcecode.swift; path = "11654. 아스키 코드.swift"; sourceTree = "<group>"; };
		67A430E22A0119A4004C085B /* 11720. 숫자의 합.swift */ = {isa = PBXFileReference; lastKnownFileType = sourcecode.swift; path = "11720. 숫자의 합.swift"; sourceTree = "<group>"; };
		67A430E42A011BB4004C085B /* 10809. 알파벳 찾기.swift */ = {isa = PBXFileReference; lastKnownFileType = sourcecode.swift; path = "10809. 알파벳 찾기.swift"; sourceTree = "<group>"; };
		67A430E62A011FB8004C085B /* 2675. 문자열 반복.swift */ = {isa = PBXFileReference; lastKnownFileType = sourcecode.swift; path = "2675. 문자열 반복.swift"; sourceTree = "<group>"; };
		67A4F2792A02637B00409DEB /* 1152. 단어의 개수.swift */ = {isa = PBXFileReference; lastKnownFileType = sourcecode.swift; path = "1152. 단어의 개수.swift"; sourceTree = "<group>"; };
		67A4F27B2A02644700409DEB /* 2908. 상수.swift */ = {isa = PBXFileReference; lastKnownFileType = sourcecode.swift; path = "2908. 상수.swift"; sourceTree = "<group>"; };
		67A4F27D2A0265A000409DEB /* 5622. 다이얼.swift */ = {isa = PBXFileReference; lastKnownFileType = sourcecode.swift; path = "5622. 다이얼.swift"; sourceTree = "<group>"; };
		67A4F27F2A026A3A00409DEB /* 11718. 그대로 출력하기.swift */ = {isa = PBXFileReference; lastKnownFileType = sourcecode.swift; path = "11718. 그대로 출력하기.swift"; sourceTree = "<group>"; };
		67AC54292A05032A0042F0FD /* 2563. 색종이.swift */ = {isa = PBXFileReference; lastKnownFileType = sourcecode.swift; path = "2563. 색종이.swift"; sourceTree = "<group>"; };
		67AC542B2A0516CD0042F0FD /* 2745. 진법 변환.swift */ = {isa = PBXFileReference; lastKnownFileType = sourcecode.swift; path = "2745. 진법 변환.swift"; sourceTree = "<group>"; };
		67AD441E2A08EDCF006DB3E9 /* 5086. 배수와 약수.swift */ = {isa = PBXFileReference; lastKnownFileType = sourcecode.swift; path = "5086. 배수와 약수.swift"; sourceTree = "<group>"; };
		67AD44202A08FB94006DB3E9 /* 2501. 약수 구하기.swift */ = {isa = PBXFileReference; lastKnownFileType = sourcecode.swift; path = "2501. 약수 구하기.swift"; sourceTree = "<group>"; };
		67AD44222A08FCF2006DB3E9 /* 9506. 약수들의 합.swift */ = {isa = PBXFileReference; lastKnownFileType = sourcecode.swift; path = "9506. 약수들의 합.swift"; sourceTree = "<group>"; };
		67AD44242A08FFEE006DB3E9 /* 1978. 소수 찾기.swift */ = {isa = PBXFileReference; lastKnownFileType = sourcecode.swift; path = "1978. 소수 찾기.swift"; sourceTree = "<group>"; };
		67AD44262A090124006DB3E9 /* 2581. 소수.swift */ = {isa = PBXFileReference; lastKnownFileType = sourcecode.swift; path = "2581. 소수.swift"; sourceTree = "<group>"; };
		67AD44282A090347006DB3E9 /* 11653. 소인수분해.swift */ = {isa = PBXFileReference; lastKnownFileType = sourcecode.swift; path = "11653. 소인수분해.swift"; sourceTree = "<group>"; };
		67AD442A2A09394C006DB3E9 /* 27323. 직사각형.swift */ = {isa = PBXFileReference; lastKnownFileType = sourcecode.swift; path = "27323. 직사각형.swift"; sourceTree = "<group>"; };
		67AD442C2A0939BC006DB3E9 /* 1085. 직사각형에서 탈출.swift */ = {isa = PBXFileReference; lastKnownFileType = sourcecode.swift; path = "1085. 직사각형에서 탈출.swift"; sourceTree = "<group>"; };
		67AD442E2A093D1E006DB3E9 /* 3009. 네 번째 점.swift */ = {isa = PBXFileReference; lastKnownFileType = sourcecode.swift; path = "3009. 네 번째 점.swift"; sourceTree = "<group>"; };
		67AD44302A093F74006DB3E9 /* 15894. 수학은 체육과목 입니다.swift */ = {isa = PBXFileReference; lastKnownFileType = sourcecode.swift; path = "15894. 수학은 체육과목 입니다.swift"; sourceTree = "<group>"; };
		67AD44322A0940C5006DB3E9 /* 9063. 대지.swift */ = {isa = PBXFileReference; lastKnownFileType = sourcecode.swift; path = "9063. 대지.swift"; sourceTree = "<group>"; };
		67AD44342A094392006DB3E9 /* 10101. 삼각형 외우기.swift */ = {isa = PBXFileReference; lastKnownFileType = sourcecode.swift; path = "10101. 삼각형 외우기.swift"; sourceTree = "<group>"; };
		67AD44362A09463C006DB3E9 /* 5073. 삼각형과 세 변.swift */ = {isa = PBXFileReference; lastKnownFileType = sourcecode.swift; path = "5073. 삼각형과 세 변.swift"; sourceTree = "<group>"; };
		67AD44382A094B1F006DB3E9 /* 14215. 세 막대.swift */ = {isa = PBXFileReference; lastKnownFileType = sourcecode.swift; path = "14215. 세 막대.swift"; sourceTree = "<group>"; };
		67AD443A2A094DA1006DB3E9 /* 24262. 알고리즘의 수행 시간 1.swift */ = {isa = PBXFileReference; lastKnownFileType = sourcecode.swift; path = "24262. 알고리즘의 수행 시간 1.swift"; sourceTree = "<group>"; };
		67B2F61229C1C6B400DA643D /* 10813. 공 바꾸기.swift */ = {isa = PBXFileReference; lastKnownFileType = sourcecode.swift; path = "10813. 공 바꾸기.swift"; sourceTree = "<group>"; };
		67C244C029BF0D8F00E4B810 /* 10807. 개수 세기.swift */ = {isa = PBXFileReference; lastKnownFileType = sourcecode.swift; path = "10807. 개수 세기.swift"; sourceTree = "<group>"; };
		67C244C229BF103000E4B810 /* 10810. 공 넣기.swift */ = {isa = PBXFileReference; lastKnownFileType = sourcecode.swift; path = "10810. 공 넣기.swift"; sourceTree = "<group>"; };
		67C58D96289407850002765B /* Lv1. CollatzConjecture.swift */ = {isa = PBXFileReference; lastKnownFileType = sourcecode.swift; path = "Lv1. CollatzConjecture.swift"; sourceTree = "<group>"; };
		67C8EA252A02A239009EF5D3 /* 25083. 새싹.swift */ = {isa = PBXFileReference; lastKnownFileType = sourcecode.swift; path = "25083. 새싹.swift"; sourceTree = "<group>"; };
		67C8EA272A02A3E8009EF5D3 /* 3003. 킹, 퀸, 룩, 비숍, 나이트, 폰.swift */ = {isa = PBXFileReference; lastKnownFileType = sourcecode.swift; path = "3003. 킹, 퀸, 룩, 비숍, 나이트, 폰.swift"; sourceTree = "<group>"; };
		67C8EA292A02A656009EF5D3 /* 2444. 별 찍기 - 7.swift */ = {isa = PBXFileReference; lastKnownFileType = sourcecode.swift; path = "2444. 별 찍기 - 7.swift"; sourceTree = "<group>"; };
		67C8EA2B2A02ACAD009EF5D3 /* 10812. 바구니 순서 바꾸기.swift */ = {isa = PBXFileReference; lastKnownFileType = sourcecode.swift; path = "10812. 바구니 순서 바꾸기.swift"; sourceTree = "<group>"; };
		67C97F4428ACE58F00F7FC7B /* Lv2. CorrectParentheses.swift */ = {isa = PBXFileReference; lastKnownFileType = sourcecode.swift; path = "Lv2. CorrectParentheses.swift"; sourceTree = "<group>"; };
		67C97F4628ACEB6700F7FC7B /* Lv2. H-Index.swift */ = {isa = PBXFileReference; lastKnownFileType = sourcecode.swift; path = "Lv2. H-Index.swift"; sourceTree = "<group>"; };
		67C97F4828ACF0A000F7FC7B /* Lv2. FindPrime.swift */ = {isa = PBXFileReference; lastKnownFileType = sourcecode.swift; path = "Lv2. FindPrime.swift"; sourceTree = "<group>"; };
		67CC4E27289ED0CE00870F7B /* Lv2. OpenChatRoom.swift */ = {isa = PBXFileReference; lastKnownFileType = sourcecode.swift; path = "Lv2. OpenChatRoom.swift"; sourceTree = "<group>"; };
		67CC4E29289FF27E00870F7B /* Lv2. TargetNum.swift */ = {isa = PBXFileReference; lastKnownFileType = sourcecode.swift; path = "Lv2. TargetNum.swift"; sourceTree = "<group>"; };
		67CC4E2B28A16E0A00870F7B /* Lv2. Pair&Remove.swift */ = {isa = PBXFileReference; lastKnownFileType = sourcecode.swift; path = "Lv2. Pair&Remove.swift"; sourceTree = "<group>"; };
		67CE65B229BB5DFB004B5D78 /* 25314. 코딩은 체육과목 입니다.swift */ = {isa = PBXFileReference; lastKnownFileType = sourcecode.swift; path = "25314. 코딩은 체육과목 입니다.swift"; sourceTree = "<group>"; };
		67D69039289AAC890072562D /* Lv2. theLargestNum.swift */ = {isa = PBXFileReference; lastKnownFileType = sourcecode.swift; path = "Lv2. theLargestNum.swift"; sourceTree = "<group>"; };
		67D6903B289C01800072562D /* Lv2. Printer.swift */ = {isa = PBXFileReference; lastKnownFileType = sourcecode.swift; path = "Lv2. Printer.swift"; sourceTree = "<group>"; };
		67D6903D289D641A0072562D /* Lv2. FuncDevelopment.swift */ = {isa = PBXFileReference; lastKnownFileType = sourcecode.swift; path = "Lv2. FuncDevelopment.swift"; sourceTree = "<group>"; };
		67E6F91F29B9F93A009DF31A /* 11382. 꼬마 정민.swift */ = {isa = PBXFileReference; lastKnownFileType = sourcecode.swift; path = "11382. 꼬마 정민.swift"; sourceTree = "<group>"; };
		67E6F92129B9FD81009DF31A /* 25304. 영수증.swift */ = {isa = PBXFileReference; lastKnownFileType = sourcecode.swift; path = "25304. 영수증.swift"; sourceTree = "<group>"; };
		67F9748A2A07AB140001DEEB /* 2903. 중앙 이동 알고리즘.swift */ = {isa = PBXFileReference; lastKnownFileType = sourcecode.swift; path = "2903. 중앙 이동 알고리즘.swift"; sourceTree = "<group>"; };
		67F9748C2A07B2B10001DEEB /* 2292. 벌집.swift */ = {isa = PBXFileReference; lastKnownFileType = sourcecode.swift; path = "2292. 벌집.swift"; sourceTree = "<group>"; };
		67F9748E2A07B4700001DEEB /* 1193. 분수찾기.swift */ = {isa = PBXFileReference; lastKnownFileType = sourcecode.swift; path = "1193. 분수찾기.swift"; sourceTree = "<group>"; };
		67F974902A07CEE70001DEEB /* 2869. 달팽이는 올라가고 싶다.swift */ = {isa = PBXFileReference; lastKnownFileType = sourcecode.swift; path = "2869. 달팽이는 올라가고 싶다.swift"; sourceTree = "<group>"; };
		67F9E9EE2A03B39700A3A8D3 /* 10988. 팰린드롬인지 확인하기.swift */ = {isa = PBXFileReference; lastKnownFileType = sourcecode.swift; path = "10988. 팰린드롬인지 확인하기.swift"; sourceTree = "<group>"; };
		67F9E9F02A03B46D00A3A8D3 /* 1157. 단어 공부.swift */ = {isa = PBXFileReference; lastKnownFileType = sourcecode.swift; path = "1157. 단어 공부.swift"; sourceTree = "<group>"; };
		67F9E9F22A03BB2500A3A8D3 /* 2941. 크로아티아 알파벳.swift */ = {isa = PBXFileReference; lastKnownFileType = sourcecode.swift; path = "2941. 크로아티아 알파벳.swift"; sourceTree = "<group>"; };
		67F9E9F42A03BF7E00A3A8D3 /* 1316. 그룹 단어 체커.swift */ = {isa = PBXFileReference; lastKnownFileType = sourcecode.swift; path = "1316. 그룹 단어 체커.swift"; sourceTree = "<group>"; };
		67F9E9F62A03EE5B00A3A8D3 /* 25206. 너의 평점은.swift */ = {isa = PBXFileReference; lastKnownFileType = sourcecode.swift; path = "25206. 너의 평점은.swift"; sourceTree = "<group>"; };
		67F9E9F82A03F76300A3A8D3 /* 2738. 행렬 덧셈.swift */ = {isa = PBXFileReference; lastKnownFileType = sourcecode.swift; path = "2738. 행렬 덧셈.swift"; sourceTree = "<group>"; };
		67F9E9FA2A03FD8500A3A8D3 /* 2566. 최댓값.swift */ = {isa = PBXFileReference; lastKnownFileType = sourcecode.swift; path = "2566. 최댓값.swift"; sourceTree = "<group>"; };
		67F9E9FC2A0402B500A3A8D3 /* 10798. 세로읽기.swift */ = {isa = PBXFileReference; lastKnownFileType = sourcecode.swift; path = "10798. 세로읽기.swift"; sourceTree = "<group>"; };
/* End PBXFileReference section */

/* Begin PBXFrameworksBuildPhase section */
		679E11AD285F8C5200A75755 /* Frameworks */ = {
			isa = PBXFrameworksBuildPhase;
			buildActionMask = 2147483647;
			files = (
			);
			runOnlyForDeploymentPostprocessing = 0;
		};
/* End PBXFrameworksBuildPhase section */

/* Begin PBXGroup section */
		676A638928DA05EF00B47349 /* Programmers */ = {
			isa = PBXGroup;
			children = (
				677D97D12861A17E005FC3A0 /* Level 1 */,
				677D97D22861A18C005FC3A0 /* Level 2 */,
			);
			path = Programmers;
			sourceTree = "<group>";
		};
		676A638A28DA05FF00B47349 /* Baekjoon */ = {
			isa = PBXGroup;
			children = (
				676A638B28DA06BD00B47349 /* 2357. 최솟값과 최댓값.swift */,
				67E6F91F29B9F93A009DF31A /* 11382. 꼬마 정민.swift */,
				67E6F92129B9FD81009DF31A /* 25304. 영수증.swift */,
				67CE65B229BB5DFB004B5D78 /* 25314. 코딩은 체육과목 입니다.swift */,
				67C244C029BF0D8F00E4B810 /* 10807. 개수 세기.swift */,
				67C244C229BF103000E4B810 /* 10810. 공 넣기.swift */,
				67B2F61229C1C6B400DA643D /* 10813. 공 바꾸기.swift */,
				6771E80729C34D210007D5A9 /* 10811. 바구니 뒤집기.swift */,
				6771E80929C4605F0007D5A9 /* 5597. 과제 안 내신 분..?.swift */,
				67A430DA2A01140E004C085B /* 27866. 문자와 문자열.swift */,
				67A430DC2A0114F5004C085B /* 2743. 단어 길이 재기.swift */,
				67A430DE2A01155C004C085B /* 9086. 문자열.swift */,
				67A430E02A0118AE004C085B /* 11654. 아스키 코드.swift */,
				67A430E22A0119A4004C085B /* 11720. 숫자의 합.swift */,
				67A430E42A011BB4004C085B /* 10809. 알파벳 찾기.swift */,
				67A430E62A011FB8004C085B /* 2675. 문자열 반복.swift */,
				67A4F2792A02637B00409DEB /* 1152. 단어의 개수.swift */,
				67A4F27B2A02644700409DEB /* 2908. 상수.swift */,
				67A4F27D2A0265A000409DEB /* 5622. 다이얼.swift */,
				67A4F27F2A026A3A00409DEB /* 11718. 그대로 출력하기.swift */,
				67C8EA252A02A239009EF5D3 /* 25083. 새싹.swift */,
				67C8EA272A02A3E8009EF5D3 /* 3003. 킹, 퀸, 룩, 비숍, 나이트, 폰.swift */,
				67C8EA292A02A656009EF5D3 /* 2444. 별 찍기 - 7.swift */,
				67C8EA2B2A02ACAD009EF5D3 /* 10812. 바구니 순서 바꾸기.swift */,
				67F9E9EE2A03B39700A3A8D3 /* 10988. 팰린드롬인지 확인하기.swift */,
				67F9E9F02A03B46D00A3A8D3 /* 1157. 단어 공부.swift */,
				67F9E9F22A03BB2500A3A8D3 /* 2941. 크로아티아 알파벳.swift */,
				67F9E9F42A03BF7E00A3A8D3 /* 1316. 그룹 단어 체커.swift */,
				67F9E9F62A03EE5B00A3A8D3 /* 25206. 너의 평점은.swift */,
				67F9E9F82A03F76300A3A8D3 /* 2738. 행렬 덧셈.swift */,
				67F9E9FA2A03FD8500A3A8D3 /* 2566. 최댓값.swift */,
				67F9E9FC2A0402B500A3A8D3 /* 10798. 세로읽기.swift */,
				67AC54292A05032A0042F0FD /* 2563. 색종이.swift */,
				67AC542B2A0516CD0042F0FD /* 2745. 진법 변환.swift */,
				6789BC362A06963000DD27ED /* 11005. 진법 변환 2.swift */,
				6789BC382A06984F00DD27ED /* 10757. 큰 수 A+B.swift */,
				6789BC3A2A06A33100DD27ED /* 2720. 세탁소 사장 동혁.swift */,
				67F9748A2A07AB140001DEEB /* 2903. 중앙 이동 알고리즘.swift */,
				67F9748C2A07B2B10001DEEB /* 2292. 벌집.swift */,
				67F9748E2A07B4700001DEEB /* 1193. 분수찾기.swift */,
				67F974902A07CEE70001DEEB /* 2869. 달팽이는 올라가고 싶다.swift */,
				67AD441E2A08EDCF006DB3E9 /* 5086. 배수와 약수.swift */,
				67AD44202A08FB94006DB3E9 /* 2501. 약수 구하기.swift */,
				67AD44222A08FCF2006DB3E9 /* 9506. 약수들의 합.swift */,
				67AD44242A08FFEE006DB3E9 /* 1978. 소수 찾기.swift */,
				67AD44262A090124006DB3E9 /* 2581. 소수.swift */,
				67AD44282A090347006DB3E9 /* 11653. 소인수분해.swift */,
				67AD442A2A09394C006DB3E9 /* 27323. 직사각형.swift */,
				67AD442C2A0939BC006DB3E9 /* 1085. 직사각형에서 탈출.swift */,
				67AD442E2A093D1E006DB3E9 /* 3009. 네 번째 점.swift */,
				67AD44302A093F74006DB3E9 /* 15894. 수학은 체육과목 입니다.swift */,
				67AD44322A0940C5006DB3E9 /* 9063. 대지.swift */,
				67AD44342A094392006DB3E9 /* 10101. 삼각형 외우기.swift */,
				67AD44362A09463C006DB3E9 /* 5073. 삼각형과 세 변.swift */,
				67AD44382A094B1F006DB3E9 /* 14215. 세 막대.swift */,
				67AD443A2A094DA1006DB3E9 /* 24262. 알고리즘의 수행 시간 1.swift */,
				678209412A0A3DC7000D6F81 /* 24263. 알고리즘의 수행 시간 2.swift */,
				678209432A0A3E63000D6F81 /* 24264. 알고리즘의 수행 시간 3.swift */,
				678209452A0A3EFA000D6F81 /* 24265. 알고리즘의 수행 시간 4.swift */,
				678209472A0A4077000D6F81 /* 24266. 알고리즘의 수행 시간 5.swift */,
				678209492A0A40D7000D6F81 /* 24267. 알고리즘의 수행 시간 6.swift */,
				6782094B2A0A4467000D6F81 /* 24313. 알고리즘 수업 - 점근적 표기 1.swift */,
			);
			path = Baekjoon;
			sourceTree = "<group>";
		};
		677D97D12861A17E005FC3A0 /* Level 1 */ = {
			isa = PBXGroup;
			children = (
				677D97CF2861A13B005FC3A0 /* Lv1. lotto.swift */,
				677D97D32861D126005FC3A0 /* Lv1. newID.swift */,
				677D97D528630E50005FC3A0 /* Lv1. craneGame.swift */,
				677D97D728634ACE005FC3A0 /* Lv1. KthNum.swift */,
				677D97D928644FE4005FC3A0 /* Lv1. mockTest.swift */,
				677D97DB286463A6005FC3A0 /* Lv1. gymSuit.swift */,
				678DFD652865A6AE0098E308 /* Lv1. sumOfInts.swift */,
				678DFD672865AAB20098E308 /* Lv1. receiveReport.swift */,
				678DFD69286610700098E308 /* Lv1. addNonExistNum.swift */,
				678DFD6D2868A04A0098E308 /* Lv1. 2016.swift */,
				678DFD6F2868BEC90098E308 /* Lv1. NumString&English.swift */,
				678DFD712868D1600098E308 /* Lv1. InnerProduct.swift */,
				671EC9C4286F380800F021E6 /* Lv1. pressKeypad.swift */,
				671EC9C6286F3B3C00F021E6 /* Lv1. primeNum.swift */,
				671EC9C82870870100F021E6 /* Lv1. sum2nums.swift */,
				671EC9CA2871C0B400F021E6 /* Lv1. budget.swift */,
				671EC9CC28731FFF00F021E6 /* Lv1. middleChar.swift */,
				671EC9CE287325C700F021E6 /* Lv1. failureRate.swift */,
				671EC9D028747F8700F021E6 /* Lv1. 3baseRadix.swift */,
				671EC9D2287591F900F021E6 /* Lv1. cnt&sumOfDivisor.swift */,
				671EC9D6287597F900F021E6 /* Lv1. MinRectangle.swift */,
				671EC9D82875A5C900F021E6 /* Lv1. insufficientCash.swift */,
				675383472876A2820048641C /* Lv1. divisibleNumArr.swift */,
				675383492876A4FD0048641C /* Lv1. toSortString.swift */,
				6753834F2878105C0048641C /* Lv1. sumBetween2ints.swift */,
				6753835128796E450048641C /* Lv1. basicString.swift */,
				675383552879718E0048641C /* Lv1. flipNum.swift */,
				67538357287AB92C0048641C /* Lv1. Mr.Kim.swift */,
				67538359287ABDCF0048641C /* Lv1. average.swift */,
				6753835B287C00100048641C /* Lv1. watermelon?.swift */,
				6753835D287C03970048641C /* Lv1. sumOfDigits.swift */,
				6753835F287D466A0048641C /* Lv1. sumOfDivisors.swift */,
				67538362287D4A570048641C /* Lv1. stringInDesc.swift */,
				67538364287E6AC30048641C /* Lv1. rectangleStar.swift */,
				67538366287E6EB20048641C /* Lv1. removeMin.swift */,
				67538368287E758B0048641C /* Lv1. remainder 1.swift */,
				6753836A287FDD630048641C /* Lv1. Odd&Even.swift */,
				6753836C287FDEEF0048641C /* Lv1. coverPhoneNum.swift */,
				6753836E288151330048641C /* Lv1. IntInDesc.swift */,
				67538370288155570048641C /* Lv1. harshadNum.swift */,
				675383722882A1FC0048641C /* Lv1. findPrimeNum.swift */,
				675383752883FBD80048641C /* Lv1. 최대공약수와 최소공배수.swift */,
				67538377288401690048641C /* Lv1. changeStringToInt.swift */,
				675383792885313E0048641C /* Lv1. NspacedbyX.swift */,
				6753837B288534F80048641C /* Lv1. strangeChar.swift */,
				6753837D2886D1790048641C /* Lv1. countP&Y.swift */,
				6753837F2888242B0048641C /* Lv1. sumOfMatrix.swift */,
				6753838128882D060048641C /* Lv1. CaesarCipher.swift */,
				67C58D96289407850002765B /* Lv1. CollatzConjecture.swift */,
				670E47D32897EF8800EBDCB8 /* Lv1. intSqrt.swift */,
				670E47D52897F6BF00EBDCB8 /* Lv1. secretMap.swift */,
				670E47D7289939FC00EBDCB8 /* Lv1. dartsGame.swift */,
			);
			path = "Level 1";
			sourceTree = "<group>";
		};
		677D97D22861A18C005FC3A0 /* Level 2 */ = {
			isa = PBXGroup;
			children = (
				678DFD6B2866F8D20098E308 /* Lv2. CompressionOfStrings.swift */,
				67D69039289AAC890072562D /* Lv2. theLargestNum.swift */,
				67D6903B289C01800072562D /* Lv2. Printer.swift */,
				67D6903D289D641A0072562D /* Lv2. FuncDevelopment.swift */,
				67CC4E27289ED0CE00870F7B /* Lv2. OpenChatRoom.swift */,
				67CC4E29289FF27E00870F7B /* Lv2. TargetNum.swift */,
				67CC4E2B28A16E0A00870F7B /* Lv2. Pair&Remove.swift */,
				6725BA5328A937950066694B /* Lv2. MenuRenewal.swift */,
				67C97F4428ACE58F00F7FC7B /* Lv2. CorrectParentheses.swift */,
				67C97F4628ACEB6700F7FC7B /* Lv2. H-Index.swift */,
				67C97F4828ACF0A000F7FC7B /* Lv2. FindPrime.swift */,
				6771E80B29D190380007D5A9 /* Lv2. 점프와 순간이동.swift */,
			);
			path = "Level 2";
			sourceTree = "<group>";
		};
		679E11A7285F8C5200A75755 = {
			isa = PBXGroup;
			children = (
				679E11B2285F8C5200A75755 /* Algorithm Test */,
				679E11B1285F8C5200A75755 /* Products */,
			);
			sourceTree = "<group>";
		};
		679E11B1285F8C5200A75755 /* Products */ = {
			isa = PBXGroup;
			children = (
				679E11B0285F8C5200A75755 /* Algorithm Test */,
			);
			name = Products;
			sourceTree = "<group>";
		};
		679E11B2285F8C5200A75755 /* Algorithm Test */ = {
			isa = PBXGroup;
			children = (
				676A638A28DA05FF00B47349 /* Baekjoon */,
				676A638928DA05EF00B47349 /* Programmers */,
				679E11B3285F8C5200A75755 /* main.swift */,
			);
			path = "Algorithm Test";
			sourceTree = "<group>";
		};
/* End PBXGroup section */

/* Begin PBXNativeTarget section */
		679E11AF285F8C5200A75755 /* Algorithm Test */ = {
			isa = PBXNativeTarget;
			buildConfigurationList = 679E11B7285F8C5200A75755 /* Build configuration list for PBXNativeTarget "Algorithm Test" */;
			buildPhases = (
				679E11AC285F8C5200A75755 /* Sources */,
				679E11AD285F8C5200A75755 /* Frameworks */,
				679E11AE285F8C5200A75755 /* CopyFiles */,
			);
			buildRules = (
			);
			dependencies = (
			);
			name = "Algorithm Test";
			productName = "Algorithm Test";
			productReference = 679E11B0285F8C5200A75755 /* Algorithm Test */;
			productType = "com.apple.product-type.tool";
		};
/* End PBXNativeTarget section */

/* Begin PBXProject section */
		679E11A8285F8C5200A75755 /* Project object */ = {
			isa = PBXProject;
			attributes = {
				BuildIndependentTargetsInParallel = 1;
				LastSwiftUpdateCheck = 1320;
				LastUpgradeCheck = 1320;
				TargetAttributes = {
					679E11AF285F8C5200A75755 = {
						CreatedOnToolsVersion = 13.2.1;
					};
				};
			};
			buildConfigurationList = 679E11AB285F8C5200A75755 /* Build configuration list for PBXProject "Algorithm Test" */;
			compatibilityVersion = "Xcode 13.0";
			developmentRegion = en;
			hasScannedForEncodings = 0;
			knownRegions = (
				en,
				Base,
			);
			mainGroup = 679E11A7285F8C5200A75755;
			productRefGroup = 679E11B1285F8C5200A75755 /* Products */;
			projectDirPath = "";
			projectRoot = "";
			targets = (
				679E11AF285F8C5200A75755 /* Algorithm Test */,
			);
		};
/* End PBXProject section */

/* Begin PBXSourcesBuildPhase section */
		679E11AC285F8C5200A75755 /* Sources */ = {
			isa = PBXSourcesBuildPhase;
			buildActionMask = 2147483647;
			files = (
				678DFD6E2868A04A0098E308 /* Lv1. 2016.swift in Sources */,
				67AD44352A094392006DB3E9 /* 10101. 삼각형 외우기.swift in Sources */,
				671EC9C92870870100F021E6 /* Lv1. sum2nums.swift in Sources */,
				678209422A0A3DC7000D6F81 /* 24263. 알고리즘의 수행 시간 2.swift in Sources */,
				67A430E72A011FB8004C085B /* 2675. 문자열 반복.swift in Sources */,
				678209442A0A3E63000D6F81 /* 24264. 알고리즘의 수행 시간 3.swift in Sources */,
				67F9E9FB2A03FD8500A3A8D3 /* 2566. 최댓값.swift in Sources */,
				6782094A2A0A40D7000D6F81 /* 24267. 알고리즘의 수행 시간 6.swift in Sources */,
				67AD442D2A0939BC006DB3E9 /* 1085. 직사각형에서 탈출.swift in Sources */,
				678DFD662865A6AE0098E308 /* Lv1. sumOfInts.swift in Sources */,
				67F9E9F92A03F76300A3A8D3 /* 2738. 행렬 덧셈.swift in Sources */,
				6725BA5428A937950066694B /* Lv2. MenuRenewal.swift in Sources */,
				6753835228796E450048641C /* Lv1. basicString.swift in Sources */,
				67A4F2802A026A3A00409DEB /* 11718. 그대로 출력하기.swift in Sources */,
				67D6903E289D641A0072562D /* Lv2. FuncDevelopment.swift in Sources */,
				67AD44292A090347006DB3E9 /* 11653. 소인수분해.swift in Sources */,
				6771E80C29D190380007D5A9 /* Lv2. 점프와 순간이동.swift in Sources */,
				67538367287E6EB20048641C /* Lv1. removeMin.swift in Sources */,
				67F9E9F72A03EE5B00A3A8D3 /* 25206. 너의 평점은.swift in Sources */,
				67AC542C2A0516CD0042F0FD /* 2745. 진법 변환.swift in Sources */,
				67F9E9EF2A03B39700A3A8D3 /* 10988. 팰린드롬인지 확인하기.swift in Sources */,
				671EC9CD28731FFF00F021E6 /* Lv1. middleChar.swift in Sources */,
				67538369287E758B0048641C /* Lv1. remainder 1.swift in Sources */,
				678DFD682865AAB20098E308 /* Lv1. receiveReport.swift in Sources */,
				67A430E52A011BB4004C085B /* 10809. 알파벳 찾기.swift in Sources */,
				675383732882A1FC0048641C /* Lv1. findPrimeNum.swift in Sources */,
				678DFD6A286610700098E308 /* Lv1. addNonExistNum.swift in Sources */,
				677D97D42861D126005FC3A0 /* Lv1. newID.swift in Sources */,
				6753834A2876A4FD0048641C /* Lv1. toSortString.swift in Sources */,
				671EC9CB2871C0B400F021E6 /* Lv1. budget.swift in Sources */,
				67C244C129BF0D8F00E4B810 /* 10807. 개수 세기.swift in Sources */,
				677D97DA28644FE4005FC3A0 /* Lv1. mockTest.swift in Sources */,
				67538365287E6AC30048641C /* Lv1. rectangleStar.swift in Sources */,
				671EC9D7287597F900F021E6 /* Lv1. MinRectangle.swift in Sources */,
				6789BC3B2A06A33100DD27ED /* 2720. 세탁소 사장 동혁.swift in Sources */,
				6771E80A29C4605F0007D5A9 /* 5597. 과제 안 내신 분..?.swift in Sources */,
				675383762883FBD80048641C /* Lv1. 최대공약수와 최소공배수.swift in Sources */,
				67C8EA2C2A02ACAD009EF5D3 /* 10812. 바구니 순서 바꾸기.swift in Sources */,
				67C244C329BF103000E4B810 /* 10810. 공 넣기.swift in Sources */,
				67B2F61329C1C6B400DA643D /* 10813. 공 바꾸기.swift in Sources */,
				6753837C288534F80048641C /* Lv1. strangeChar.swift in Sources */,
				67F9E9F12A03B46D00A3A8D3 /* 1157. 단어 공부.swift in Sources */,
				671EC9D128747F8700F021E6 /* Lv1. 3baseRadix.swift in Sources */,
				67F974912A07CEE70001DEEB /* 2869. 달팽이는 올라가고 싶다.swift in Sources */,
				67F9E9F52A03BF7E00A3A8D3 /* 1316. 그룹 단어 체커.swift in Sources */,
				67E6F92229B9FD81009DF31A /* 25304. 영수증.swift in Sources */,
				67D6903C289C01800072562D /* Lv2. Printer.swift in Sources */,
				67538360287D466A0048641C /* Lv1. sumOfDivisors.swift in Sources */,
				67AD443B2A094DA1006DB3E9 /* 24262. 알고리즘의 수행 시간 1.swift in Sources */,
				67A430E32A0119A4004C085B /* 11720. 숫자의 합.swift in Sources */,
				675383502878105C0048641C /* Lv1. sumBetween2ints.swift in Sources */,
				67CC4E2C28A16E0A00870F7B /* Lv2. Pair&Remove.swift in Sources */,
				67A4F27E2A0265A000409DEB /* 5622. 다이얼.swift in Sources */,
				67538363287D4A570048641C /* Lv1. stringInDesc.swift in Sources */,
				677D97D828634ACE005FC3A0 /* Lv1. KthNum.swift in Sources */,
				676A638C28DA06BD00B47349 /* 2357. 최솟값과 최댓값.swift in Sources */,
				6753837E2886D1790048641C /* Lv1. countP&Y.swift in Sources */,
				67A4F27C2A02644700409DEB /* 2908. 상수.swift in Sources */,
				6782094C2A0A4467000D6F81 /* 24313. 알고리즘 수업 - 점근적 표기 1.swift in Sources */,
				670E47D8289939FC00EBDCB8 /* Lv1. dartsGame.swift in Sources */,
				67AD44332A0940C5006DB3E9 /* 9063. 대지.swift in Sources */,
				67AD44272A090124006DB3E9 /* 2581. 소수.swift in Sources */,
				6753835C287C00100048641C /* Lv1. watermelon?.swift in Sources */,
				67AD44312A093F74006DB3E9 /* 15894. 수학은 체육과목 입니다.swift in Sources */,
				6753836D287FDEEF0048641C /* Lv1. coverPhoneNum.swift in Sources */,
				67AD44252A08FFEE006DB3E9 /* 1978. 소수 찾기.swift in Sources */,
				671EC9CF287325C700F021E6 /* Lv1. failureRate.swift in Sources */,
				675383482876A2820048641C /* Lv1. divisibleNumArr.swift in Sources */,
				67AD44372A09463C006DB3E9 /* 5073. 삼각형과 세 변.swift in Sources */,
				678209462A0A3EFA000D6F81 /* 24265. 알고리즘의 수행 시간 4.swift in Sources */,
				67C8EA282A02A3E8009EF5D3 /* 3003. 킹, 퀸, 룩, 비숍, 나이트, 폰.swift in Sources */,
				67A430E12A0118AE004C085B /* 11654. 아스키 코드.swift in Sources */,
				67AD441F2A08EDCF006DB3E9 /* 5086. 배수와 약수.swift in Sources */,
				678209482A0A4077000D6F81 /* 24266. 알고리즘의 수행 시간 5.swift in Sources */,
				677D97D02861A13B005FC3A0 /* Lv1. lotto.swift in Sources */,
				67538378288401690048641C /* Lv1. changeStringToInt.swift in Sources */,
				67F9E9F32A03BB2500A3A8D3 /* 2941. 크로아티아 알파벳.swift in Sources */,
				675383802888242B0048641C /* Lv1. sumOfMatrix.swift in Sources */,
				677D97CE28608807005FC3A0 /* main.swift in Sources */,
				67AD44232A08FCF2006DB3E9 /* 9506. 약수들의 합.swift in Sources */,
				67AD44212A08FB94006DB3E9 /* 2501. 약수 구하기.swift in Sources */,
				671EC9C5286F380800F021E6 /* Lv1. pressKeypad.swift in Sources */,
				6789BC372A06963000DD27ED /* 11005. 진법 변환 2.swift in Sources */,
				67C97F4528ACE58F00F7FC7B /* Lv2. CorrectParentheses.swift in Sources */,
				670E47D62897F6BF00EBDCB8 /* Lv1. secretMap.swift in Sources */,
				67A430DD2A0114F5004C085B /* 2743. 단어 길이 재기.swift in Sources */,
				67C8EA262A02A239009EF5D3 /* 25083. 새싹.swift in Sources */,
				6789BC392A06984F00DD27ED /* 10757. 큰 수 A+B.swift in Sources */,
				67D6903A289AAC890072562D /* Lv2. theLargestNum.swift in Sources */,
				677D97D628630E50005FC3A0 /* Lv1. craneGame.swift in Sources */,
				675383562879718E0048641C /* Lv1. flipNum.swift in Sources */,
				6753836F288151330048641C /* Lv1. IntInDesc.swift in Sources */,
				67AD442F2A093D1E006DB3E9 /* 3009. 네 번째 점.swift in Sources */,
				67A430DF2A01155C004C085B /* 9086. 문자열.swift in Sources */,
				678DFD722868D1600098E308 /* Lv1. InnerProduct.swift in Sources */,
				67C97F4728ACEB6700F7FC7B /* Lv2. H-Index.swift in Sources */,
				67C8EA2A2A02A656009EF5D3 /* 2444. 별 찍기 - 7.swift in Sources */,
				671EC9C7286F3B3C00F021E6 /* Lv1. primeNum.swift in Sources */,
				67F9748D2A07B2B10001DEEB /* 2292. 벌집.swift in Sources */,
				67C97F4928ACF0A000F7FC7B /* Lv2. FindPrime.swift in Sources */,
				67C58D97289407850002765B /* Lv1. CollatzConjecture.swift in Sources */,
				67AD44392A094B1F006DB3E9 /* 14215. 세 막대.swift in Sources */,
				67CC4E2A289FF27E00870F7B /* Lv2. TargetNum.swift in Sources */,
				678DFD702868BEC90098E308 /* Lv1. NumString&English.swift in Sources */,
				678DFD6C2866F8D20098E308 /* Lv2. CompressionOfStrings.swift in Sources */,
				6753835E287C03970048641C /* Lv1. sumOfDigits.swift in Sources */,
				67E6F92029B9F93A009DF31A /* 11382. 꼬마 정민.swift in Sources */,
				6753835A287ABDCF0048641C /* Lv1. average.swift in Sources */,
				67AD442B2A09394C006DB3E9 /* 27323. 직사각형.swift in Sources */,
				671EC9D92875A5C900F021E6 /* Lv1. insufficientCash.swift in Sources */,
				67538358287AB92C0048641C /* Lv1. Mr.Kim.swift in Sources */,
				6771E80829C34D210007D5A9 /* 10811. 바구니 뒤집기.swift in Sources */,
				677D97DC286463A6005FC3A0 /* Lv1. gymSuit.swift in Sources */,
				67CC4E28289ED0CE00870F7B /* Lv2. OpenChatRoom.swift in Sources */,
				6753837A2885313E0048641C /* Lv1. NspacedbyX.swift in Sources */,
				67CE65B329BB5DFB004B5D78 /* 25314. 코딩은 체육과목 입니다.swift in Sources */,
				67F9748F2A07B4700001DEEB /* 1193. 분수찾기.swift in Sources */,
				67F9748B2A07AB140001DEEB /* 2903. 중앙 이동 알고리즘.swift in Sources */,
				67A4F27A2A02637B00409DEB /* 1152. 단어의 개수.swift in Sources */,
				6753836B287FDD630048641C /* Lv1. Odd&Even.swift in Sources */,
				67A430DB2A01140E004C085B /* 27866. 문자와 문자열.swift in Sources */,
				67538371288155570048641C /* Lv1. harshadNum.swift in Sources */,
				6753838228882D060048641C /* Lv1. CaesarCipher.swift in Sources */,
				671EC9D3287591F900F021E6 /* Lv1. cnt&sumOfDivisor.swift in Sources */,
				67AC542A2A05032A0042F0FD /* 2563. 색종이.swift in Sources */,
				67F9E9FD2A0402B500A3A8D3 /* 10798. 세로읽기.swift in Sources */,
				670E47D42897EF8800EBDCB8 /* Lv1. intSqrt.swift in Sources */,
			);
			runOnlyForDeploymentPostprocessing = 0;
		};
/* End PBXSourcesBuildPhase section */

/* Begin XCBuildConfiguration section */
		679E11B5285F8C5200A75755 /* Debug */ = {
			isa = XCBuildConfiguration;
			buildSettings = {
				ALWAYS_SEARCH_USER_PATHS = NO;
				CLANG_ANALYZER_NONNULL = YES;
				CLANG_ANALYZER_NUMBER_OBJECT_CONVERSION = YES_AGGRESSIVE;
				CLANG_CXX_LANGUAGE_STANDARD = "gnu++17";
				CLANG_CXX_LIBRARY = "libc++";
				CLANG_ENABLE_MODULES = YES;
				CLANG_ENABLE_OBJC_ARC = YES;
				CLANG_ENABLE_OBJC_WEAK = YES;
				CLANG_WARN_BLOCK_CAPTURE_AUTORELEASING = YES;
				CLANG_WARN_BOOL_CONVERSION = YES;
				CLANG_WARN_COMMA = YES;
				CLANG_WARN_CONSTANT_CONVERSION = YES;
				CLANG_WARN_DEPRECATED_OBJC_IMPLEMENTATIONS = YES;
				CLANG_WARN_DIRECT_OBJC_ISA_USAGE = YES_ERROR;
				CLANG_WARN_DOCUMENTATION_COMMENTS = YES;
				CLANG_WARN_EMPTY_BODY = YES;
				CLANG_WARN_ENUM_CONVERSION = YES;
				CLANG_WARN_INFINITE_RECURSION = YES;
				CLANG_WARN_INT_CONVERSION = YES;
				CLANG_WARN_NON_LITERAL_NULL_CONVERSION = YES;
				CLANG_WARN_OBJC_IMPLICIT_RETAIN_SELF = YES;
				CLANG_WARN_OBJC_LITERAL_CONVERSION = YES;
				CLANG_WARN_OBJC_ROOT_CLASS = YES_ERROR;
				CLANG_WARN_QUOTED_INCLUDE_IN_FRAMEWORK_HEADER = YES;
				CLANG_WARN_RANGE_LOOP_ANALYSIS = YES;
				CLANG_WARN_STRICT_PROTOTYPES = YES;
				CLANG_WARN_SUSPICIOUS_MOVE = YES;
				CLANG_WARN_UNGUARDED_AVAILABILITY = YES_AGGRESSIVE;
				CLANG_WARN_UNREACHABLE_CODE = YES;
				CLANG_WARN__DUPLICATE_METHOD_MATCH = YES;
				COPY_PHASE_STRIP = NO;
				DEBUG_INFORMATION_FORMAT = dwarf;
				ENABLE_STRICT_OBJC_MSGSEND = YES;
				ENABLE_TESTABILITY = YES;
				GCC_C_LANGUAGE_STANDARD = gnu11;
				GCC_DYNAMIC_NO_PIC = NO;
				GCC_NO_COMMON_BLOCKS = YES;
				GCC_OPTIMIZATION_LEVEL = 0;
				GCC_PREPROCESSOR_DEFINITIONS = (
					"DEBUG=1",
					"$(inherited)",
				);
				GCC_WARN_64_TO_32_BIT_CONVERSION = YES;
				GCC_WARN_ABOUT_RETURN_TYPE = YES_ERROR;
				GCC_WARN_UNDECLARED_SELECTOR = YES;
				GCC_WARN_UNINITIALIZED_AUTOS = YES_AGGRESSIVE;
				GCC_WARN_UNUSED_FUNCTION = YES;
				GCC_WARN_UNUSED_VARIABLE = YES;
				MACOSX_DEPLOYMENT_TARGET = 12.1;
				MTL_ENABLE_DEBUG_INFO = INCLUDE_SOURCE;
				MTL_FAST_MATH = YES;
				ONLY_ACTIVE_ARCH = YES;
				SDKROOT = macosx;
				SWIFT_ACTIVE_COMPILATION_CONDITIONS = DEBUG;
				SWIFT_OPTIMIZATION_LEVEL = "-Onone";
			};
			name = Debug;
		};
		679E11B6285F8C5200A75755 /* Release */ = {
			isa = XCBuildConfiguration;
			buildSettings = {
				ALWAYS_SEARCH_USER_PATHS = NO;
				CLANG_ANALYZER_NONNULL = YES;
				CLANG_ANALYZER_NUMBER_OBJECT_CONVERSION = YES_AGGRESSIVE;
				CLANG_CXX_LANGUAGE_STANDARD = "gnu++17";
				CLANG_CXX_LIBRARY = "libc++";
				CLANG_ENABLE_MODULES = YES;
				CLANG_ENABLE_OBJC_ARC = YES;
				CLANG_ENABLE_OBJC_WEAK = YES;
				CLANG_WARN_BLOCK_CAPTURE_AUTORELEASING = YES;
				CLANG_WARN_BOOL_CONVERSION = YES;
				CLANG_WARN_COMMA = YES;
				CLANG_WARN_CONSTANT_CONVERSION = YES;
				CLANG_WARN_DEPRECATED_OBJC_IMPLEMENTATIONS = YES;
				CLANG_WARN_DIRECT_OBJC_ISA_USAGE = YES_ERROR;
				CLANG_WARN_DOCUMENTATION_COMMENTS = YES;
				CLANG_WARN_EMPTY_BODY = YES;
				CLANG_WARN_ENUM_CONVERSION = YES;
				CLANG_WARN_INFINITE_RECURSION = YES;
				CLANG_WARN_INT_CONVERSION = YES;
				CLANG_WARN_NON_LITERAL_NULL_CONVERSION = YES;
				CLANG_WARN_OBJC_IMPLICIT_RETAIN_SELF = YES;
				CLANG_WARN_OBJC_LITERAL_CONVERSION = YES;
				CLANG_WARN_OBJC_ROOT_CLASS = YES_ERROR;
				CLANG_WARN_QUOTED_INCLUDE_IN_FRAMEWORK_HEADER = YES;
				CLANG_WARN_RANGE_LOOP_ANALYSIS = YES;
				CLANG_WARN_STRICT_PROTOTYPES = YES;
				CLANG_WARN_SUSPICIOUS_MOVE = YES;
				CLANG_WARN_UNGUARDED_AVAILABILITY = YES_AGGRESSIVE;
				CLANG_WARN_UNREACHABLE_CODE = YES;
				CLANG_WARN__DUPLICATE_METHOD_MATCH = YES;
				COPY_PHASE_STRIP = NO;
				DEBUG_INFORMATION_FORMAT = "dwarf-with-dsym";
				ENABLE_NS_ASSERTIONS = NO;
				ENABLE_STRICT_OBJC_MSGSEND = YES;
				GCC_C_LANGUAGE_STANDARD = gnu11;
				GCC_NO_COMMON_BLOCKS = YES;
				GCC_WARN_64_TO_32_BIT_CONVERSION = YES;
				GCC_WARN_ABOUT_RETURN_TYPE = YES_ERROR;
				GCC_WARN_UNDECLARED_SELECTOR = YES;
				GCC_WARN_UNINITIALIZED_AUTOS = YES_AGGRESSIVE;
				GCC_WARN_UNUSED_FUNCTION = YES;
				GCC_WARN_UNUSED_VARIABLE = YES;
				MACOSX_DEPLOYMENT_TARGET = 12.1;
				MTL_ENABLE_DEBUG_INFO = NO;
				MTL_FAST_MATH = YES;
				SDKROOT = macosx;
				SWIFT_COMPILATION_MODE = wholemodule;
				SWIFT_OPTIMIZATION_LEVEL = "-O";
			};
			name = Release;
		};
		679E11B8285F8C5200A75755 /* Debug */ = {
			isa = XCBuildConfiguration;
			buildSettings = {
				CODE_SIGN_STYLE = Automatic;
				PRODUCT_NAME = "$(TARGET_NAME)";
				SWIFT_VERSION = 5.0;
			};
			name = Debug;
		};
		679E11B9285F8C5200A75755 /* Release */ = {
			isa = XCBuildConfiguration;
			buildSettings = {
				CODE_SIGN_STYLE = Automatic;
				PRODUCT_NAME = "$(TARGET_NAME)";
				SWIFT_VERSION = 5.0;
			};
			name = Release;
		};
/* End XCBuildConfiguration section */

/* Begin XCConfigurationList section */
		679E11AB285F8C5200A75755 /* Build configuration list for PBXProject "Algorithm Test" */ = {
			isa = XCConfigurationList;
			buildConfigurations = (
				679E11B5285F8C5200A75755 /* Debug */,
				679E11B6285F8C5200A75755 /* Release */,
			);
			defaultConfigurationIsVisible = 0;
			defaultConfigurationName = Release;
		};
		679E11B7285F8C5200A75755 /* Build configuration list for PBXNativeTarget "Algorithm Test" */ = {
			isa = XCConfigurationList;
			buildConfigurations = (
				679E11B8285F8C5200A75755 /* Debug */,
				679E11B9285F8C5200A75755 /* Release */,
			);
			defaultConfigurationIsVisible = 0;
			defaultConfigurationName = Release;
		};
/* End XCConfigurationList section */
	};
	rootObject = 679E11A8285F8C5200A75755 /* Project object */;
}
